// !$*UTF8*$!
{
	archiveVersion = 1;
	classes = {
	};
	objectVersion = 51;
	objects = {

/* Begin PBXBuildFile section */
		6B0A219527E47DA900F291C4 /* DetailsContent.swift in Sources */ = {isa = PBXBuildFile; fileRef = 6B0A219427E47DA900F291C4 /* DetailsContent.swift */; };
		6B0A219927E4B9B800F291C4 /* Company.swift in Sources */ = {isa = PBXBuildFile; fileRef = 6B0A219827E4B9B800F291C4 /* Company.swift */; };
		6B0A219B27E4BB0C00F291C4 /* Constants.swift in Sources */ = {isa = PBXBuildFile; fileRef = 6B0A219A27E4BB0C00F291C4 /* Constants.swift */; };
		6B66793627E1FB290007CA7A /* ArrayExtensions.swift in Sources */ = {isa = PBXBuildFile; fileRef = 6B66793527E1FB290007CA7A /* ArrayExtensions.swift */; };
		6B66793827E1FD300007CA7A /* DictionaryExtensions.swift in Sources */ = {isa = PBXBuildFile; fileRef = 6B66793727E1FD300007CA7A /* DictionaryExtensions.swift */; };
		7021317D270350D000F903A5 /* PizzaRatings_iOSApp.swift in Sources */ = {isa = PBXBuildFile; fileRef = 7021317C270350D000F903A5 /* PizzaRatings_iOSApp.swift */; };
		7021317F270350D000F903A5 /* HomeView.swift in Sources */ = {isa = PBXBuildFile; fileRef = 7021317E270350D000F903A5 /* HomeView.swift */; };
		70213181270350D200F903A5 /* Assets.xcassets in Resources */ = {isa = PBXBuildFile; fileRef = 70213180270350D200F903A5 /* Assets.xcassets */; };
		70213184270350D200F903A5 /* Preview Assets.xcassets in Resources */ = {isa = PBXBuildFile; fileRef = 70213183270350D200F903A5 /* Preview Assets.xcassets */; };
		702810A72705EE04007AC785 /* Rating.swift in Sources */ = {isa = PBXBuildFile; fileRef = 702810A62705EE04007AC785 /* Rating.swift */; };
		702810AD2706E9F0007AC785 /* DoubleExtensions.swift in Sources */ = {isa = PBXBuildFile; fileRef = 702810AC2706E9F0007AC785 /* DoubleExtensions.swift */; };
		702810B227072B7E007AC785 /* GoogleService-Info.plist in Resources */ = {isa = PBXBuildFile; fileRef = 702810B127072B7E007AC785 /* GoogleService-Info.plist */; };
		705782632710747B00CDC2A8 /* PizzaRepository.swift in Sources */ = {isa = PBXBuildFile; fileRef = 705782622710747B00CDC2A8 /* PizzaRepository.swift */; };
		705782662717732B00CDC2A8 /* RatingMocks.swift in Sources */ = {isa = PBXBuildFile; fileRef = 705782652717732B00CDC2A8 /* RatingMocks.swift */; };
		70578268271AD6B900CDC2A8 /* BottomNavigationView.swift in Sources */ = {isa = PBXBuildFile; fileRef = 70578267271AD6B900CDC2A8 /* BottomNavigationView.swift */; };
		7057826B271AD7EE00CDC2A8 /* FavouritesView.swift in Sources */ = {isa = PBXBuildFile; fileRef = 7057826A271AD7EE00CDC2A8 /* FavouritesView.swift */; };
		7057826D271AD81300CDC2A8 /* FavouritesViewModel.swift in Sources */ = {isa = PBXBuildFile; fileRef = 7057826C271AD81300CDC2A8 /* FavouritesViewModel.swift */; };
		70801E2E27076B1F003A454B /* HomeViewModel.swift in Sources */ = {isa = PBXBuildFile; fileRef = 70801E2D27076B1F003A454B /* HomeViewModel.swift */; };
		70801E312707903C003A454B /* DetailsView.swift in Sources */ = {isa = PBXBuildFile; fileRef = 70801E302707903C003A454B /* DetailsView.swift */; };
		70801E332707904B003A454B /* DetailsViewModel.swift in Sources */ = {isa = PBXBuildFile; fileRef = 70801E322707904B003A454B /* DetailsViewModel.swift */; };
		70801E36270791DA003A454B /* ProfileView.swift in Sources */ = {isa = PBXBuildFile; fileRef = 70801E35270791DA003A454B /* ProfileView.swift */; };
		70801E38270791FE003A454B /* ProfileViewModel.swift in Sources */ = {isa = PBXBuildFile; fileRef = 70801E37270791FE003A454B /* ProfileViewModel.swift */; };
		70801E3B2707924D003A454B /* LoginView.swift in Sources */ = {isa = PBXBuildFile; fileRef = 70801E3A2707924D003A454B /* LoginView.swift */; };
		70801E3D27079262003A454B /* LoginViewModel.swift in Sources */ = {isa = PBXBuildFile; fileRef = 70801E3C27079262003A454B /* LoginViewModel.swift */; };
		DBB72AC588C0F748D1EE2A50 /* Pods_PizzaRatings_iOS.framework in Frameworks */ = {isa = PBXBuildFile; fileRef = 79B8C8CC317C7788ACBBF503 /* Pods_PizzaRatings_iOS.framework */; };
/* End PBXBuildFile section */

/* Begin PBXFileReference section */
		17904CD55820D9358FB48D20 /* Pods-PizzaRatings-iOS.debug.xcconfig */ = {isa = PBXFileReference; includeInIndex = 1; lastKnownFileType = text.xcconfig; name = "Pods-PizzaRatings-iOS.debug.xcconfig"; path = "Target Support Files/Pods-PizzaRatings-iOS/Pods-PizzaRatings-iOS.debug.xcconfig"; sourceTree = "<group>"; };
		6B0A219427E47DA900F291C4 /* DetailsContent.swift */ = {isa = PBXFileReference; lastKnownFileType = sourcecode.swift; path = DetailsContent.swift; sourceTree = "<group>"; };
		6B0A219827E4B9B800F291C4 /* Company.swift */ = {isa = PBXFileReference; lastKnownFileType = sourcecode.swift; path = Company.swift; sourceTree = "<group>"; };
		6B0A219A27E4BB0C00F291C4 /* Constants.swift */ = {isa = PBXFileReference; lastKnownFileType = sourcecode.swift; path = Constants.swift; sourceTree = "<group>"; };
		6B66793527E1FB290007CA7A /* ArrayExtensions.swift */ = {isa = PBXFileReference; lastKnownFileType = sourcecode.swift; path = ArrayExtensions.swift; sourceTree = "<group>"; };
		6B66793727E1FD300007CA7A /* DictionaryExtensions.swift */ = {isa = PBXFileReference; lastKnownFileType = sourcecode.swift; path = DictionaryExtensions.swift; sourceTree = "<group>"; };
		70213179270350D000F903A5 /* PizzaRatings-iOS.app */ = {isa = PBXFileReference; explicitFileType = wrapper.application; includeInIndex = 0; path = "PizzaRatings-iOS.app"; sourceTree = BUILT_PRODUCTS_DIR; };
		7021317C270350D000F903A5 /* PizzaRatings_iOSApp.swift */ = {isa = PBXFileReference; lastKnownFileType = sourcecode.swift; path = PizzaRatings_iOSApp.swift; sourceTree = "<group>"; };
		7021317E270350D000F903A5 /* HomeView.swift */ = {isa = PBXFileReference; lastKnownFileType = sourcecode.swift; path = HomeView.swift; sourceTree = "<group>"; };
		70213180270350D200F903A5 /* Assets.xcassets */ = {isa = PBXFileReference; lastKnownFileType = folder.assetcatalog; path = Assets.xcassets; sourceTree = "<group>"; };
		70213183270350D200F903A5 /* Preview Assets.xcassets */ = {isa = PBXFileReference; lastKnownFileType = folder.assetcatalog; path = "Preview Assets.xcassets"; sourceTree = "<group>"; };
		70213185270350D200F903A5 /* Info.plist */ = {isa = PBXFileReference; lastKnownFileType = text.plist.xml; path = Info.plist; sourceTree = "<group>"; };
		702810A62705EE04007AC785 /* Rating.swift */ = {isa = PBXFileReference; lastKnownFileType = sourcecode.swift; path = Rating.swift; sourceTree = "<group>"; };
		702810AC2706E9F0007AC785 /* DoubleExtensions.swift */ = {isa = PBXFileReference; lastKnownFileType = sourcecode.swift; path = DoubleExtensions.swift; sourceTree = "<group>"; };
		702810B127072B7E007AC785 /* GoogleService-Info.plist */ = {isa = PBXFileReference; fileEncoding = 4; lastKnownFileType = text.plist.xml; path = "GoogleService-Info.plist"; sourceTree = "<group>"; };
		705782622710747B00CDC2A8 /* PizzaRepository.swift */ = {isa = PBXFileReference; lastKnownFileType = sourcecode.swift; path = PizzaRepository.swift; sourceTree = "<group>"; };
		705782652717732B00CDC2A8 /* RatingMocks.swift */ = {isa = PBXFileReference; lastKnownFileType = sourcecode.swift; path = RatingMocks.swift; sourceTree = "<group>"; };
		70578267271AD6B900CDC2A8 /* BottomNavigationView.swift */ = {isa = PBXFileReference; lastKnownFileType = sourcecode.swift; path = BottomNavigationView.swift; sourceTree = "<group>"; };
		7057826A271AD7EE00CDC2A8 /* FavouritesView.swift */ = {isa = PBXFileReference; lastKnownFileType = sourcecode.swift; path = FavouritesView.swift; sourceTree = "<group>"; };
		7057826C271AD81300CDC2A8 /* FavouritesViewModel.swift */ = {isa = PBXFileReference; lastKnownFileType = sourcecode.swift; path = FavouritesViewModel.swift; sourceTree = "<group>"; };
		70801E2D27076B1F003A454B /* HomeViewModel.swift */ = {isa = PBXFileReference; lastKnownFileType = sourcecode.swift; path = HomeViewModel.swift; sourceTree = "<group>"; };
		70801E302707903C003A454B /* DetailsView.swift */ = {isa = PBXFileReference; lastKnownFileType = sourcecode.swift; path = DetailsView.swift; sourceTree = "<group>"; };
		70801E322707904B003A454B /* DetailsViewModel.swift */ = {isa = PBXFileReference; lastKnownFileType = sourcecode.swift; path = DetailsViewModel.swift; sourceTree = "<group>"; };
		70801E35270791DA003A454B /* ProfileView.swift */ = {isa = PBXFileReference; lastKnownFileType = sourcecode.swift; path = ProfileView.swift; sourceTree = "<group>"; };
		70801E37270791FE003A454B /* ProfileViewModel.swift */ = {isa = PBXFileReference; lastKnownFileType = sourcecode.swift; path = ProfileViewModel.swift; sourceTree = "<group>"; };
		70801E3A2707924D003A454B /* LoginView.swift */ = {isa = PBXFileReference; lastKnownFileType = sourcecode.swift; path = LoginView.swift; sourceTree = "<group>"; };
		70801E3C27079262003A454B /* LoginViewModel.swift */ = {isa = PBXFileReference; lastKnownFileType = sourcecode.swift; path = LoginViewModel.swift; sourceTree = "<group>"; };
		79B8C8CC317C7788ACBBF503 /* Pods_PizzaRatings_iOS.framework */ = {isa = PBXFileReference; explicitFileType = wrapper.framework; includeInIndex = 0; path = Pods_PizzaRatings_iOS.framework; sourceTree = BUILT_PRODUCTS_DIR; };
		F66FD94C30BF8B41DF2163EA /* Pods-PizzaRatings-iOS.release.xcconfig */ = {isa = PBXFileReference; includeInIndex = 1; lastKnownFileType = text.xcconfig; name = "Pods-PizzaRatings-iOS.release.xcconfig"; path = "Target Support Files/Pods-PizzaRatings-iOS/Pods-PizzaRatings-iOS.release.xcconfig"; sourceTree = "<group>"; };
/* End PBXFileReference section */

/* Begin PBXFrameworksBuildPhase section */
		70213176270350D000F903A5 /* Frameworks */ = {
			isa = PBXFrameworksBuildPhase;
			buildActionMask = 2147483647;
			files = (
				DBB72AC588C0F748D1EE2A50 /* Pods_PizzaRatings_iOS.framework in Frameworks */,
			);
			runOnlyForDeploymentPostprocessing = 0;
		};
/* End PBXFrameworksBuildPhase section */

/* Begin PBXGroup section */
		70213170270350D000F903A5 = {
			isa = PBXGroup;
			children = (
				7021317B270350D000F903A5 /* PizzaRatings-iOS */,
				7021317A270350D000F903A5 /* Products */,
				FBC0535A68417A4F7EA3777B /* Pods */,
				8FBDBBDAB2EBEEB5637D9711 /* Frameworks */,
			);
			sourceTree = "<group>";
		};
		7021317A270350D000F903A5 /* Products */ = {
			isa = PBXGroup;
			children = (
				70213179270350D000F903A5 /* PizzaRatings-iOS.app */,
			);
			name = Products;
			sourceTree = "<group>";
		};
		7021317B270350D000F903A5 /* PizzaRatings-iOS */ = {
			isa = PBXGroup;
			children = (
				702810AF2707099E007AC785 /* data */,
				70801E2B27076AF6003A454B /* ui */,
				702810AE27070168007AC785 /* utils */,
				7021317C270350D000F903A5 /* PizzaRatings_iOSApp.swift */,
				70213180270350D200F903A5 /* Assets.xcassets */,
				702810B127072B7E007AC785 /* GoogleService-Info.plist */,
				70213185270350D200F903A5 /* Info.plist */,
				70213182270350D200F903A5 /* Preview Content */,
			);
			path = "PizzaRatings-iOS";
			sourceTree = "<group>";
		};
		70213182270350D200F903A5 /* Preview Content */ = {
			isa = PBXGroup;
			children = (
				70213183270350D200F903A5 /* Preview Assets.xcassets */,
			);
			path = "Preview Content";
			sourceTree = "<group>";
		};
		702810AB2706E9E0007AC785 /* extensions */ = {
			isa = PBXGroup;
			children = (
				702810AC2706E9F0007AC785 /* DoubleExtensions.swift */,
				6B66793527E1FB290007CA7A /* ArrayExtensions.swift */,
				6B66793727E1FD300007CA7A /* DictionaryExtensions.swift */,
			);
			path = extensions;
			sourceTree = "<group>";
		};
		702810AE27070168007AC785 /* utils */ = {
			isa = PBXGroup;
			children = (
				70578267271AD6B900CDC2A8 /* BottomNavigationView.swift */,
				705782642717731900CDC2A8 /* mocks */,
				702810AB2706E9E0007AC785 /* extensions */,
				6B0A219A27E4BB0C00F291C4 /* Constants.swift */,
			);
			path = utils;
			sourceTree = "<group>";
		};
		702810AF2707099E007AC785 /* data */ = {
			isa = PBXGroup;
			children = (
				705782612710745D00CDC2A8 /* repository */,
				702810B0270709A5007AC785 /* model */,
			);
			path = data;
			sourceTree = "<group>";
		};
		702810B0270709A5007AC785 /* model */ = {
			isa = PBXGroup;
			children = (
				702810A62705EE04007AC785 /* Rating.swift */,
				6B0A219827E4B9B800F291C4 /* Company.swift */,
			);
			path = model;
			sourceTree = "<group>";
		};
		705782612710745D00CDC2A8 /* repository */ = {
			isa = PBXGroup;
			children = (
				705782622710747B00CDC2A8 /* PizzaRepository.swift */,
			);
			path = repository;
			sourceTree = "<group>";
		};
		705782642717731900CDC2A8 /* mocks */ = {
			isa = PBXGroup;
			children = (
				705782652717732B00CDC2A8 /* RatingMocks.swift */,
			);
			path = mocks;
			sourceTree = "<group>";
		};
		70578269271AD7D600CDC2A8 /* favourites */ = {
			isa = PBXGroup;
			children = (
				7057826A271AD7EE00CDC2A8 /* FavouritesView.swift */,
				7057826C271AD81300CDC2A8 /* FavouritesViewModel.swift */,
			);
			path = favourites;
			sourceTree = "<group>";
		};
		70801E2B27076AF6003A454B /* ui */ = {
			isa = PBXGroup;
			children = (
				70578269271AD7D600CDC2A8 /* favourites */,
				70801E2C27076B03003A454B /* home */,
				70801E2F27078FF6003A454B /* details */,
				70801E34270791CD003A454B /* profile */,
				70801E3927079241003A454B /* login */,
			);
			path = ui;
			sourceTree = "<group>";
		};
		70801E2C27076B03003A454B /* home */ = {
			isa = PBXGroup;
			children = (
				7021317E270350D000F903A5 /* HomeView.swift */,
				70801E2D27076B1F003A454B /* HomeViewModel.swift */,
			);
			path = home;
			sourceTree = "<group>";
		};
		70801E2F27078FF6003A454B /* details */ = {
			isa = PBXGroup;
			children = (
				70801E302707903C003A454B /* DetailsView.swift */,
				70801E322707904B003A454B /* DetailsViewModel.swift */,
				6B0A219427E47DA900F291C4 /* DetailsContent.swift */,
			);
			path = details;
			sourceTree = "<group>";
		};
		70801E34270791CD003A454B /* profile */ = {
			isa = PBXGroup;
			children = (
				70801E35270791DA003A454B /* ProfileView.swift */,
				70801E37270791FE003A454B /* ProfileViewModel.swift */,
			);
			path = profile;
			sourceTree = "<group>";
		};
		70801E3927079241003A454B /* login */ = {
			isa = PBXGroup;
			children = (
				70801E3A2707924D003A454B /* LoginView.swift */,
				70801E3C27079262003A454B /* LoginViewModel.swift */,
			);
			path = login;
			sourceTree = "<group>";
		};
		8FBDBBDAB2EBEEB5637D9711 /* Frameworks */ = {
			isa = PBXGroup;
			children = (
				79B8C8CC317C7788ACBBF503 /* Pods_PizzaRatings_iOS.framework */,
			);
			name = Frameworks;
			sourceTree = "<group>";
		};
		FBC0535A68417A4F7EA3777B /* Pods */ = {
			isa = PBXGroup;
			children = (
				17904CD55820D9358FB48D20 /* Pods-PizzaRatings-iOS.debug.xcconfig */,
				F66FD94C30BF8B41DF2163EA /* Pods-PizzaRatings-iOS.release.xcconfig */,
			);
			path = Pods;
			sourceTree = "<group>";
		};
/* End PBXGroup section */

/* Begin PBXNativeTarget section */
		70213178270350D000F903A5 /* PizzaRatings-iOS */ = {
			isa = PBXNativeTarget;
			buildConfigurationList = 70213188270350D200F903A5 /* Build configuration list for PBXNativeTarget "PizzaRatings-iOS" */;
			buildPhases = (
				8D0BA61BE4AF507EFE8390A3 /* [CP] Check Pods Manifest.lock */,
				70213175270350D000F903A5 /* Sources */,
				70213176270350D000F903A5 /* Frameworks */,
				70213177270350D000F903A5 /* Resources */,
				2C37E2BD28AB10BFBE925D24 /* [CP] Embed Pods Frameworks */,
			);
			buildRules = (
			);
			dependencies = (
			);
			name = "PizzaRatings-iOS";
			productName = "PizzaRatings-iOS";
			productReference = 70213179270350D000F903A5 /* PizzaRatings-iOS.app */;
			productType = "com.apple.product-type.application";
		};
/* End PBXNativeTarget section */

/* Begin PBXProject section */
		70213171270350D000F903A5 /* Project object */ = {
			isa = PBXProject;
			attributes = {
				LastSwiftUpdateCheck = 1250;
				LastUpgradeCheck = 1250;
				TargetAttributes = {
					70213178270350D000F903A5 = {
						CreatedOnToolsVersion = 12.5.1;
					};
				};
			};
			buildConfigurationList = 70213174270350D000F903A5 /* Build configuration list for PBXProject "PizzaRatings-iOS" */;
			compatibilityVersion = "Xcode 9.3";
			developmentRegion = en;
			hasScannedForEncodings = 0;
			knownRegions = (
				en,
				Base,
			);
			mainGroup = 70213170270350D000F903A5;
			productRefGroup = 7021317A270350D000F903A5 /* Products */;
			projectDirPath = "";
			projectRoot = "";
			targets = (
				70213178270350D000F903A5 /* PizzaRatings-iOS */,
			);
		};
/* End PBXProject section */

/* Begin PBXResourcesBuildPhase section */
		70213177270350D000F903A5 /* Resources */ = {
			isa = PBXResourcesBuildPhase;
			buildActionMask = 2147483647;
			files = (
				70213184270350D200F903A5 /* Preview Assets.xcassets in Resources */,
				70213181270350D200F903A5 /* Assets.xcassets in Resources */,
				702810B227072B7E007AC785 /* GoogleService-Info.plist in Resources */,
			);
			runOnlyForDeploymentPostprocessing = 0;
		};
/* End PBXResourcesBuildPhase section */

/* Begin PBXShellScriptBuildPhase section */
		2C37E2BD28AB10BFBE925D24 /* [CP] Embed Pods Frameworks */ = {
			isa = PBXShellScriptBuildPhase;
			buildActionMask = 2147483647;
			files = (
			);
			inputFileListPaths = (
				"${PODS_ROOT}/Target Support Files/Pods-PizzaRatings-iOS/Pods-PizzaRatings-iOS-frameworks-${CONFIGURATION}-input-files.xcfilelist",
			);
			name = "[CP] Embed Pods Frameworks";
			outputFileListPaths = (
				"${PODS_ROOT}/Target Support Files/Pods-PizzaRatings-iOS/Pods-PizzaRatings-iOS-frameworks-${CONFIGURATION}-output-files.xcfilelist",
			);
			runOnlyForDeploymentPostprocessing = 0;
			shellPath = /bin/sh;
			shellScript = "\"${PODS_ROOT}/Target Support Files/Pods-PizzaRatings-iOS/Pods-PizzaRatings-iOS-frameworks.sh\"\n";
			showEnvVarsInLog = 0;
		};
		8D0BA61BE4AF507EFE8390A3 /* [CP] Check Pods Manifest.lock */ = {
			isa = PBXShellScriptBuildPhase;
			buildActionMask = 2147483647;
			files = (
			);
			inputFileListPaths = (
			);
			inputPaths = (
				"${PODS_PODFILE_DIR_PATH}/Podfile.lock",
				"${PODS_ROOT}/Manifest.lock",
			);
			name = "[CP] Check Pods Manifest.lock";
			outputFileListPaths = (
			);
			outputPaths = (
				"$(DERIVED_FILE_DIR)/Pods-PizzaRatings-iOS-checkManifestLockResult.txt",
			);
			runOnlyForDeploymentPostprocessing = 0;
			shellPath = /bin/sh;
			shellScript = "diff \"${PODS_PODFILE_DIR_PATH}/Podfile.lock\" \"${PODS_ROOT}/Manifest.lock\" > /dev/null\nif [ $? != 0 ] ; then\n    # print error to STDERR\n    echo \"error: The sandbox is not in sync with the Podfile.lock. Run 'pod install' or update your CocoaPods installation.\" >&2\n    exit 1\nfi\n# This output is used by Xcode 'outputs' to avoid re-running this script phase.\necho \"SUCCESS\" > \"${SCRIPT_OUTPUT_FILE_0}\"\n";
			showEnvVarsInLog = 0;
		};
/* End PBXShellScriptBuildPhase section */

/* Begin PBXSourcesBuildPhase section */
		70213175270350D000F903A5 /* Sources */ = {
			isa = PBXSourcesBuildPhase;
			buildActionMask = 2147483647;
			files = (
				70801E36270791DA003A454B /* ProfileView.swift in Sources */,
				702810AD2706E9F0007AC785 /* DoubleExtensions.swift in Sources */,
				705782632710747B00CDC2A8 /* PizzaRepository.swift in Sources */,
				6B0A219927E4B9B800F291C4 /* Company.swift in Sources */,
				70801E3D27079262003A454B /* LoginViewModel.swift in Sources */,
				702810A72705EE04007AC785 /* Rating.swift in Sources */,
				705782662717732B00CDC2A8 /* RatingMocks.swift in Sources */,
				70801E38270791FE003A454B /* ProfileViewModel.swift in Sources */,
				70801E2E27076B1F003A454B /* HomeViewModel.swift in Sources */,
				7057826D271AD81300CDC2A8 /* FavouritesViewModel.swift in Sources */,
				7021317F270350D000F903A5 /* HomeView.swift in Sources */,
				6B0A219B27E4BB0C00F291C4 /* Constants.swift in Sources */,
				6B0A219527E47DA900F291C4 /* DetailsContent.swift in Sources */,
				70578268271AD6B900CDC2A8 /* BottomNavigationView.swift in Sources */,
				6B66793827E1FD300007CA7A /* DictionaryExtensions.swift in Sources */,
				70801E332707904B003A454B /* DetailsViewModel.swift in Sources */,
				7021317D270350D000F903A5 /* PizzaRatings_iOSApp.swift in Sources */,
				70801E3B2707924D003A454B /* LoginView.swift in Sources */,
				7057826B271AD7EE00CDC2A8 /* FavouritesView.swift in Sources */,
				70801E312707903C003A454B /* DetailsView.swift in Sources */,
				6B66793627E1FB290007CA7A /* ArrayExtensions.swift in Sources */,
			);
			runOnlyForDeploymentPostprocessing = 0;
		};
/* End PBXSourcesBuildPhase section */

/* Begin XCBuildConfiguration section */
		70213186270350D200F903A5 /* Debug */ = {
			isa = XCBuildConfiguration;
			buildSettings = {
				ALWAYS_SEARCH_USER_PATHS = NO;
				CLANG_ANALYZER_NONNULL = YES;
				CLANG_ANALYZER_NUMBER_OBJECT_CONVERSION = YES_AGGRESSIVE;
				CLANG_CXX_LANGUAGE_STANDARD = "gnu++14";
				CLANG_CXX_LIBRARY = "libc++";
				CLANG_ENABLE_MODULES = YES;
				CLANG_ENABLE_OBJC_ARC = YES;
				CLANG_ENABLE_OBJC_WEAK = YES;
				CLANG_WARN_BLOCK_CAPTURE_AUTORELEASING = YES;
				CLANG_WARN_BOOL_CONVERSION = YES;
				CLANG_WARN_COMMA = YES;
				CLANG_WARN_CONSTANT_CONVERSION = YES;
				CLANG_WARN_DEPRECATED_OBJC_IMPLEMENTATIONS = YES;
				CLANG_WARN_DIRECT_OBJC_ISA_USAGE = YES_ERROR;
				CLANG_WARN_DOCUMENTATION_COMMENTS = YES;
				CLANG_WARN_EMPTY_BODY = YES;
				CLANG_WARN_ENUM_CONVERSION = YES;
				CLANG_WARN_INFINITE_RECURSION = YES;
				CLANG_WARN_INT_CONVERSION = YES;
				CLANG_WARN_NON_LITERAL_NULL_CONVERSION = YES;
				CLANG_WARN_OBJC_IMPLICIT_RETAIN_SELF = YES;
				CLANG_WARN_OBJC_LITERAL_CONVERSION = YES;
				CLANG_WARN_OBJC_ROOT_CLASS = YES_ERROR;
				CLANG_WARN_QUOTED_INCLUDE_IN_FRAMEWORK_HEADER = YES;
				CLANG_WARN_RANGE_LOOP_ANALYSIS = YES;
				CLANG_WARN_STRICT_PROTOTYPES = YES;
				CLANG_WARN_SUSPICIOUS_MOVE = YES;
				CLANG_WARN_UNGUARDED_AVAILABILITY = YES_AGGRESSIVE;
				CLANG_WARN_UNREACHABLE_CODE = YES;
				CLANG_WARN__DUPLICATE_METHOD_MATCH = YES;
				COPY_PHASE_STRIP = NO;
				DEBUG_INFORMATION_FORMAT = dwarf;
				ENABLE_STRICT_OBJC_MSGSEND = YES;
				ENABLE_TESTABILITY = YES;
				GCC_C_LANGUAGE_STANDARD = gnu11;
				GCC_DYNAMIC_NO_PIC = NO;
				GCC_NO_COMMON_BLOCKS = YES;
				GCC_OPTIMIZATION_LEVEL = 0;
				GCC_PREPROCESSOR_DEFINITIONS = (
					"DEBUG=1",
					"$(inherited)",
				);
				GCC_WARN_64_TO_32_BIT_CONVERSION = YES;
				GCC_WARN_ABOUT_RETURN_TYPE = YES_ERROR;
				GCC_WARN_UNDECLARED_SELECTOR = YES;
				GCC_WARN_UNINITIALIZED_AUTOS = YES_AGGRESSIVE;
				GCC_WARN_UNUSED_FUNCTION = YES;
				GCC_WARN_UNUSED_VARIABLE = YES;
				IPHONEOS_DEPLOYMENT_TARGET = 14.5;
				MTL_ENABLE_DEBUG_INFO = INCLUDE_SOURCE;
				MTL_FAST_MATH = YES;
				ONLY_ACTIVE_ARCH = YES;
				SDKROOT = iphoneos;
				SWIFT_ACTIVE_COMPILATION_CONDITIONS = DEBUG;
				SWIFT_OPTIMIZATION_LEVEL = "-Onone";
			};
			name = Debug;
		};
		70213187270350D200F903A5 /* Release */ = {
			isa = XCBuildConfiguration;
			buildSettings = {
				ALWAYS_SEARCH_USER_PATHS = NO;
				CLANG_ANALYZER_NONNULL = YES;
				CLANG_ANALYZER_NUMBER_OBJECT_CONVERSION = YES_AGGRESSIVE;
				CLANG_CXX_LANGUAGE_STANDARD = "gnu++14";
				CLANG_CXX_LIBRARY = "libc++";
				CLANG_ENABLE_MODULES = YES;
				CLANG_ENABLE_OBJC_ARC = YES;
				CLANG_ENABLE_OBJC_WEAK = YES;
				CLANG_WARN_BLOCK_CAPTURE_AUTORELEASING = YES;
				CLANG_WARN_BOOL_CONVERSION = YES;
				CLANG_WARN_COMMA = YES;
				CLANG_WARN_CONSTANT_CONVERSION = YES;
				CLANG_WARN_DEPRECATED_OBJC_IMPLEMENTATIONS = YES;
				CLANG_WARN_DIRECT_OBJC_ISA_USAGE = YES_ERROR;
				CLANG_WARN_DOCUMENTATION_COMMENTS = YES;
				CLANG_WARN_EMPTY_BODY = YES;
				CLANG_WARN_ENUM_CONVERSION = YES;
				CLANG_WARN_INFINITE_RECURSION = YES;
				CLANG_WARN_INT_CONVERSION = YES;
				CLANG_WARN_NON_LITERAL_NULL_CONVERSION = YES;
				CLANG_WARN_OBJC_IMPLICIT_RETAIN_SELF = YES;
				CLANG_WARN_OBJC_LITERAL_CONVERSION = YES;
				CLANG_WARN_OBJC_ROOT_CLASS = YES_ERROR;
				CLANG_WARN_QUOTED_INCLUDE_IN_FRAMEWORK_HEADER = YES;
				CLANG_WARN_RANGE_LOOP_ANALYSIS = YES;
				CLANG_WARN_STRICT_PROTOTYPES = YES;
				CLANG_WARN_SUSPICIOUS_MOVE = YES;
				CLANG_WARN_UNGUARDED_AVAILABILITY = YES_AGGRESSIVE;
				CLANG_WARN_UNREACHABLE_CODE = YES;
				CLANG_WARN__DUPLICATE_METHOD_MATCH = YES;
				COPY_PHASE_STRIP = NO;
				DEBUG_INFORMATION_FORMAT = "dwarf-with-dsym";
				ENABLE_NS_ASSERTIONS = NO;
				ENABLE_STRICT_OBJC_MSGSEND = YES;
				GCC_C_LANGUAGE_STANDARD = gnu11;
				GCC_NO_COMMON_BLOCKS = YES;
				GCC_WARN_64_TO_32_BIT_CONVERSION = YES;
				GCC_WARN_ABOUT_RETURN_TYPE = YES_ERROR;
				GCC_WARN_UNDECLARED_SELECTOR = YES;
				GCC_WARN_UNINITIALIZED_AUTOS = YES_AGGRESSIVE;
				GCC_WARN_UNUSED_FUNCTION = YES;
				GCC_WARN_UNUSED_VARIABLE = YES;
				IPHONEOS_DEPLOYMENT_TARGET = 14.5;
				MTL_ENABLE_DEBUG_INFO = NO;
				MTL_FAST_MATH = YES;
				SDKROOT = iphoneos;
				SWIFT_COMPILATION_MODE = wholemodule;
				SWIFT_OPTIMIZATION_LEVEL = "-O";
				VALIDATE_PRODUCT = YES;
			};
			name = Release;
		};
		70213189270350D200F903A5 /* Debug */ = {
			isa = XCBuildConfiguration;
			baseConfigurationReference = 17904CD55820D9358FB48D20 /* Pods-PizzaRatings-iOS.debug.xcconfig */;
			buildSettings = {
				ASSETCATALOG_COMPILER_APPICON_NAME = AppIcon;
				ASSETCATALOG_COMPILER_GLOBAL_ACCENT_COLOR_NAME = AccentColor;
				CODE_SIGN_STYLE = Automatic;
				DEVELOPMENT_ASSET_PATHS = "\"PizzaRatings-iOS/Preview Content\"";
				ENABLE_PREVIEWS = YES;
				INFOPLIST_FILE = "PizzaRatings-iOS/Info.plist";
				IPHONEOS_DEPLOYMENT_TARGET = 14.0;
				LD_RUNPATH_SEARCH_PATHS = (
					"$(inherited)",
					"@executable_path/Frameworks",
				);
				PRODUCT_BUNDLE_IDENTIFIER = "com.giedriusslikas.PizzaRatings-iOS";
				PRODUCT_NAME = "$(TARGET_NAME)";
				SWIFT_VERSION = 5.0;
				TARGETED_DEVICE_FAMILY = 1;
			};
			name = Debug;
		};
		7021318A270350D200F903A5 /* Release */ = {
			isa = XCBuildConfiguration;
			baseConfigurationReference = F66FD94C30BF8B41DF2163EA /* Pods-PizzaRatings-iOS.release.xcconfig */;
			buildSettings = {
				ASSETCATALOG_COMPILER_APPICON_NAME = AppIcon;
				ASSETCATALOG_COMPILER_GLOBAL_ACCENT_COLOR_NAME = AccentColor;
				CODE_SIGN_STYLE = Automatic;
				DEVELOPMENT_ASSET_PATHS = "\"PizzaRatings-iOS/Preview Content\"";
				ENABLE_PREVIEWS = YES;
				INFOPLIST_FILE = "PizzaRatings-iOS/Info.plist";
				IPHONEOS_DEPLOYMENT_TARGET = 14.0;
				LD_RUNPATH_SEARCH_PATHS = (
					"$(inherited)",
					"@executable_path/Frameworks",
				);
				PRODUCT_BUNDLE_IDENTIFIER = "com.giedriusslikas.PizzaRatings-iOS";
				PRODUCT_NAME = "$(TARGET_NAME)";
				SWIFT_VERSION = 5.0;
				TARGETED_DEVICE_FAMILY = 1;
			};
			name = Release;
		};
/* End XCBuildConfiguration section */

/* Begin XCConfigurationList section */
		70213174270350D000F903A5 /* Build configuration list for PBXProject "PizzaRatings-iOS" */ = {
			isa = XCConfigurationList;
			buildConfigurations = (
				70213186270350D200F903A5 /* Debug */,
				70213187270350D200F903A5 /* Release */,
			);
			defaultConfigurationIsVisible = 0;
			defaultConfigurationName = Release;
		};
		70213188270350D200F903A5 /* Build configuration list for PBXNativeTarget "PizzaRatings-iOS" */ = {
			isa = XCConfigurationList;
			buildConfigurations = (
				70213189270350D200F903A5 /* Debug */,
				7021318A270350D200F903A5 /* Release */,
			);
			defaultConfigurationIsVisible = 0;
			defaultConfigurationName = Release;
		};
/* End XCConfigurationList section */
	};
	rootObject = 70213171270350D000F903A5 /* Project object */;
}
